
Microsoft Visual Studio Solution File, Format Version 12.00
# Visual Studio Version 17
VisualStudioVersion = 17.4.33403.182
MinimumVisualStudioVersion = 10.0.40219.1
Project("{FAE04EC0-301F-11D3-BF4B-00C04F79EFBC}") = "KontrolaWersji1", "KontrolaWersji1\KontrolaWersji1.csproj", "{E3551FE4-1339-47A0-B84E-4585D25849A3}"
EndProject
Global
	GlobalSection(SolutionConfigurationPlatforms) = preSolution
		Debug|Any CPU = Debug|Any CPU
		Release|Any CPU = Release|Any CPU
	EndGlobalSection
	GlobalSection(ProjectConfigurationPlatforms) = postSolution
		{E3551FE4-1339-47A0-B84E-4585D25849A3}.Debug|Any CPU.ActiveCfg = Debug|Any CPU
		{E3551FE4-1339-47A0-B84E-4585D25849A3}.Debug|Any CPU.Build.0 = Debug|Any CPU
		{E3551FE4-1339-47A0-B84E-4585D25849A3}.Release|Any CPU.ActiveCfg = Release|Any CPU
		{E3551FE4-1339-47A0-B84E-4585D25849A3}.Release|Any CPU.Build.0 = Release|Any CPU
	EndGlobalSection
	GlobalSection(SolutionProperties) = preSolution
		HideSolutionNode = FALSE
	EndGlobalSection
	GlobalSection(ExtensibilityGlobals) = postSolution
		SolutionGuid = {FCB25B5C-455E-4796-8113-730CBDB65FBD}
	EndGlobalSection
EndGlobal
